
Microsoft Visual Studio Solution File, Format Version 12.00
# Visual Studio Version 17
VisualStudioVersion = 17.8.34511.84
MinimumVisualStudioVersion = 10.0.40219.1
Project("{9A19103F-16F7-4668-BE54-9A1E7A4F7556}") = "BulkyWeb", "BulkyWeb\BulkyWeb.csproj", "{AFA99CBE-3898-4E3D-A1BE-99F3E42C3FCA}"
EndProject
Project("{FAE04EC0-301F-11D3-BF4B-00C04F79EFBC}") = "Bulky.Utility", "Bulky.Utility\Bulky.Utility.csproj", "{76484F25-C1EC-45B0-9AEC-0C43AF835F45}"
EndProject
Project("{FAE04EC0-301F-11D3-BF4B-00C04F79EFBC}") = "Bulky.DataAccess", "Bulky.DataAccess\Bulky.DataAccess.csproj", "{6926C8D5-BDBF-499C-8179-E92B41952CB6}"
EndProject
Project("{FAE04EC0-301F-11D3-BF4B-00C04F79EFBC}") = "Bulky.Models", "Bulky.Models\Bulky.Models.csproj", "{B695AAEC-C245-40F5-AC49-606FD2540857}"
EndProject
Global
	GlobalSection(SolutionConfigurationPlatforms) = preSolution
		Debug|Any CPU = Debug|Any CPU
		Release|Any CPU = Release|Any CPU
	EndGlobalSection
	GlobalSection(ProjectConfigurationPlatforms) = postSolution
		{AFA99CBE-3898-4E3D-A1BE-99F3E42C3FCA}.Debug|Any CPU.ActiveCfg = Debug|Any CPU
		{AFA99CBE-3898-4E3D-A1BE-99F3E42C3FCA}.Debug|Any CPU.Build.0 = Debug|Any CPU
		{AFA99CBE-3898-4E3D-A1BE-99F3E42C3FCA}.Release|Any CPU.ActiveCfg = Release|Any CPU
		{AFA99CBE-3898-4E3D-A1BE-99F3E42C3FCA}.Release|Any CPU.Build.0 = Release|Any CPU
		{76484F25-C1EC-45B0-9AEC-0C43AF835F45}.Debug|Any CPU.ActiveCfg = Debug|Any CPU
		{76484F25-C1EC-45B0-9AEC-0C43AF835F45}.Debug|Any CPU.Build.0 = Debug|Any CPU
		{76484F25-C1EC-45B0-9AEC-0C43AF835F45}.Release|Any CPU.ActiveCfg = Release|Any CPU
		{76484F25-C1EC-45B0-9AEC-0C43AF835F45}.Release|Any CPU.Build.0 = Release|Any CPU
		{6926C8D5-BDBF-499C-8179-E92B41952CB6}.Debug|Any CPU.ActiveCfg = Debug|Any CPU
		{6926C8D5-BDBF-499C-8179-E92B41952CB6}.Debug|Any CPU.Build.0 = Debug|Any CPU
		{6926C8D5-BDBF-499C-8179-E92B41952CB6}.Release|Any CPU.ActiveCfg = Release|Any CPU
		{6926C8D5-BDBF-499C-8179-E92B41952CB6}.Release|Any CPU.Build.0 = Release|Any CPU
		{B695AAEC-C245-40F5-AC49-606FD2540857}.Debug|Any CPU.ActiveCfg = Debug|Any CPU
		{B695AAEC-C245-40F5-AC49-606FD2540857}.Debug|Any CPU.Build.0 = Debug|Any CPU
		{B695AAEC-C245-40F5-AC49-606FD2540857}.Release|Any CPU.ActiveCfg = Release|Any CPU
		{B695AAEC-C245-40F5-AC49-606FD2540857}.Release|Any CPU.Build.0 = Release|Any CPU
	EndGlobalSection
	GlobalSection(SolutionProperties) = preSolution
		HideSolutionNode = FALSE
	EndGlobalSection
	GlobalSection(ExtensibilityGlobals) = postSolution
		SolutionGuid = {6A5A81A6-0FF5-4110-BB75-DA028CEDD0CD}
	EndGlobalSection
EndGlobal
